
Microsoft Visual Studio Solution File, Format Version 12.00
# Visual Studio 15
VisualStudioVersion = 15.0.28307.572
MinimumVisualStudioVersion = 10.0.40219.1
Project("{FAE04EC0-301F-11D3-BF4B-00C04F79EFBC}") = "MVC5CourseHomeWork", "MVC5CourseHomeWork\MVC5CourseHomeWork.csproj", "{5A1BDA89-2762-460F-906E-57B7D02683CB}"
EndProject
Global
	GlobalSection(SolutionConfigurationPlatforms) = preSolution
		Debug|Any CPU = Debug|Any CPU
		Release|Any CPU = Release|Any CPU
	EndGlobalSection
	GlobalSection(ProjectConfigurationPlatforms) = postSolution
		{5A1BDA89-2762-460F-906E-57B7D02683CB}.Debug|Any CPU.ActiveCfg = Debug|Any CPU
		{5A1BDA89-2762-460F-906E-57B7D02683CB}.Debug|Any CPU.Build.0 = Debug|Any CPU
		{5A1BDA89-2762-460F-906E-57B7D02683CB}.Release|Any CPU.ActiveCfg = Release|Any CPU
		{5A1BDA89-2762-460F-906E-57B7D02683CB}.Release|Any CPU.Build.0 = Release|Any CPU
	EndGlobalSection
	GlobalSection(SolutionProperties) = preSolution
		HideSolutionNode = FALSE
	EndGlobalSection
	GlobalSection(ExtensibilityGlobals) = postSolution
		SolutionGuid = {689B013F-6914-475C-9355-2C0EBECA725E}
	EndGlobalSection
EndGlobal
